
Microsoft Visual Studio Solution File, Format Version 12.00
# Visual Studio Version 16
VisualStudioVersion = 16.0.31702.278
MinimumVisualStudioVersion = 10.0.40219.1
Project("{FAE04EC0-301F-11D3-BF4B-00C04F79EFBC}") = "BasicCode", "BasicCode\BasicCode.csproj", "{2F222556-06B6-4176-ABE1-43C3205481C6}"
EndProject
Global
	GlobalSection(SolutionConfigurationPlatforms) = preSolution
		Debug|Any CPU = Debug|Any CPU
		Release|Any CPU = Release|Any CPU
	EndGlobalSection
	GlobalSection(ProjectConfigurationPlatforms) = postSolution
		{2F222556-06B6-4176-ABE1-43C3205481C6}.Debug|Any CPU.ActiveCfg = Debug|Any CPU
		{2F222556-06B6-4176-ABE1-43C3205481C6}.Debug|Any CPU.Build.0 = Debug|Any CPU
		{2F222556-06B6-4176-ABE1-43C3205481C6}.Release|Any CPU.ActiveCfg = Release|Any CPU
		{2F222556-06B6-4176-ABE1-43C3205481C6}.Release|Any CPU.Build.0 = Release|Any CPU
	EndGlobalSection
	GlobalSection(SolutionProperties) = preSolution
		HideSolutionNode = FALSE
	EndGlobalSection
	GlobalSection(ExtensibilityGlobals) = postSolution
		SolutionGuid = {2CC0D8B4-9E1C-4198-9F6B-D500D186331C}
	EndGlobalSection
EndGlobal
